
Microsoft Visual Studio Solution File, Format Version 12.00
# Visual Studio Version 16
VisualStudioVersion = 16.0.29209.62
MinimumVisualStudioVersion = 10.0.40219.1
Project("{FAE04EC0-301F-11D3-BF4B-00C04F79EFBC}") = "Retail-Database-Sys", "Retail-Database-Sys\Retail-Database-Sys.csproj", "{68724AF3-CD79-4050-9EF6-ACE7CCB70C58}"
EndProject
Global
	GlobalSection(SolutionConfigurationPlatforms) = preSolution
		Debug|Any CPU = Debug|Any CPU
		Release|Any CPU = Release|Any CPU
	EndGlobalSection
	GlobalSection(ProjectConfigurationPlatforms) = postSolution
		{68724AF3-CD79-4050-9EF6-ACE7CCB70C58}.Debug|Any CPU.ActiveCfg = Debug|Any CPU
		{68724AF3-CD79-4050-9EF6-ACE7CCB70C58}.Debug|Any CPU.Build.0 = Debug|Any CPU
		{68724AF3-CD79-4050-9EF6-ACE7CCB70C58}.Release|Any CPU.ActiveCfg = Release|Any CPU
		{68724AF3-CD79-4050-9EF6-ACE7CCB70C58}.Release|Any CPU.Build.0 = Release|Any CPU
	EndGlobalSection
	GlobalSection(SolutionProperties) = preSolution
		HideSolutionNode = FALSE
	EndGlobalSection
	GlobalSection(ExtensibilityGlobals) = postSolution
		SolutionGuid = {DA2BD533-F209-4C26-A2F8-8D3621851459}
	EndGlobalSection
EndGlobal
